
Microsoft Visual Studio Solution File, Format Version 12.00
# Visual Studio Version 17
VisualStudioVersion = 17.10.35013.160
MinimumVisualStudioVersion = 10.0.40219.1
Project("{9A19103F-16F7-4668-BE54-9A1E7A4F7556}") = "pullrequests", "pullrequests\pullrequests.csproj", "{15389D88-F697-40F8-9727-DB54617CCB69}"
EndProject
Project("{2150E333-8FDC-42A3-9474-1A3956D46DE8}") = "Solution Items", "Solution Items", "{C8D2A032-B7F4-4A18-AA8E-D16E08361C71}"
	ProjectSection(SolutionItems) = preProject
		reviewers.xml = reviewers.xml
	EndProjectSection
EndProject
Global
	GlobalSection(SolutionConfigurationPlatforms) = preSolution
		Debug|Any CPU = Debug|Any CPU
		Release|Any CPU = Release|Any CPU
	EndGlobalSection
	GlobalSection(ProjectConfigurationPlatforms) = postSolution
		{15389D88-F697-40F8-9727-DB54617CCB69}.Debug|Any CPU.ActiveCfg = Debug|Any CPU
		{15389D88-F697-40F8-9727-DB54617CCB69}.Debug|Any CPU.Build.0 = Debug|Any CPU
		{15389D88-F697-40F8-9727-DB54617CCB69}.Release|Any CPU.ActiveCfg = Release|Any CPU
		{15389D88-F697-40F8-9727-DB54617CCB69}.Release|Any CPU.Build.0 = Release|Any CPU
	EndGlobalSection
	GlobalSection(SolutionProperties) = preSolution
		HideSolutionNode = FALSE
	EndGlobalSection
	GlobalSection(ExtensibilityGlobals) = postSolution
		SolutionGuid = {B8C64C68-3AAD-459C-8D50-9CD2EC081692}
	EndGlobalSection
EndGlobal
